
Microsoft Visual Studio Solution File, Format Version 12.00
Project("{FAE04EC0-301F-11D3-BF4B-00C04F79EFBC}") = "MibaInventoryV2.2", "MibaInventoryV2.2\MibaInventoryV2.2.csproj", "{B417EBE6-F23E-458C-B569-1D3A2E7C7FD3}"
EndProject
Global
	GlobalSection(SolutionConfigurationPlatforms) = preSolution
		Debug|Any CPU = Debug|Any CPU
		Release|Any CPU = Release|Any CPU
	EndGlobalSection
	GlobalSection(ProjectConfigurationPlatforms) = postSolution
		{B417EBE6-F23E-458C-B569-1D3A2E7C7FD3}.Debug|Any CPU.ActiveCfg = Debug|Any CPU
		{B417EBE6-F23E-458C-B569-1D3A2E7C7FD3}.Debug|Any CPU.Build.0 = Debug|Any CPU
		{B417EBE6-F23E-458C-B569-1D3A2E7C7FD3}.Release|Any CPU.ActiveCfg = Release|Any CPU
		{B417EBE6-F23E-458C-B569-1D3A2E7C7FD3}.Release|Any CPU.Build.0 = Release|Any CPU
	EndGlobalSection
EndGlobal
